
Microsoft Visual Studio Solution File, Format Version 12.00
# Visual Studio Version 16
VisualStudioVersion = 16.0.30804.86
MinimumVisualStudioVersion = 10.0.40219.1
Project("{9A19103F-16F7-4668-BE54-9A1E7A4F7556}") = "API", "API\API.csproj", "{5E7B0C01-BBE1-4B3B-A9E6-09FB6C6A378C}"
EndProject
Project("{9A19103F-16F7-4668-BE54-9A1E7A4F7556}") = "Core", "Data\Core.csproj", "{A010E338-B008-4B8E-981E-F09AB502E68E}"
EndProject
Global
	GlobalSection(SolutionConfigurationPlatforms) = preSolution
		Debug|Any CPU = Debug|Any CPU
		Release|Any CPU = Release|Any CPU
	EndGlobalSection
	GlobalSection(ProjectConfigurationPlatforms) = postSolution
		{5E7B0C01-BBE1-4B3B-A9E6-09FB6C6A378C}.Debug|Any CPU.ActiveCfg = Debug|Any CPU
		{5E7B0C01-BBE1-4B3B-A9E6-09FB6C6A378C}.Debug|Any CPU.Build.0 = Debug|Any CPU
		{5E7B0C01-BBE1-4B3B-A9E6-09FB6C6A378C}.Release|Any CPU.ActiveCfg = Release|Any CPU
		{5E7B0C01-BBE1-4B3B-A9E6-09FB6C6A378C}.Release|Any CPU.Build.0 = Release|Any CPU
		{A010E338-B008-4B8E-981E-F09AB502E68E}.Debug|Any CPU.ActiveCfg = Debug|Any CPU
		{A010E338-B008-4B8E-981E-F09AB502E68E}.Debug|Any CPU.Build.0 = Debug|Any CPU
		{A010E338-B008-4B8E-981E-F09AB502E68E}.Release|Any CPU.ActiveCfg = Release|Any CPU
		{A010E338-B008-4B8E-981E-F09AB502E68E}.Release|Any CPU.Build.0 = Release|Any CPU
	EndGlobalSection
	GlobalSection(SolutionProperties) = preSolution
		HideSolutionNode = FALSE
	EndGlobalSection
	GlobalSection(ExtensibilityGlobals) = postSolution
		SolutionGuid = {375F0E2F-21DD-4869-A90A-2471F9B272D5}
	EndGlobalSection
EndGlobal
